// !$*UTF8*$!
{
	archiveVersion = 1;
	classes = {
	};
	objectVersion = 46;
	objects = {

/* Begin PBXBuildFile section */
		43429F981D410B7900CE78F5 /* TextXibViewController.m in Sources */ = {isa = PBXBuildFile; fileRef = 43429F971D410B7900CE78F5 /* TextXibViewController.m */; };
		43887B8A1D366CD00041ABF8 /* main.m in Sources */ = {isa = PBXBuildFile; fileRef = 43887B891D366CD00041ABF8 /* main.m */; };
		43887B8D1D366CD00041ABF8 /* AppDelegate.m in Sources */ = {isa = PBXBuildFile; fileRef = 43887B8C1D366CD00041ABF8 /* AppDelegate.m */; };
		43887B901D366CD00041ABF8 /* ViewController.m in Sources */ = {isa = PBXBuildFile; fileRef = 43887B8F1D366CD00041ABF8 /* ViewController.m */; };
		43887B931D366CD00041ABF8 /* Main.storyboard in Resources */ = {isa = PBXBuildFile; fileRef = 43887B911D366CD00041ABF8 /* Main.storyboard */; };
		43887B951D366CD00041ABF8 /* Assets.xcassets in Resources */ = {isa = PBXBuildFile; fileRef = 43887B941D366CD00041ABF8 /* Assets.xcassets */; };
		43887B981D366CD00041ABF8 /* LaunchScreen.storyboard in Resources */ = {isa = PBXBuildFile; fileRef = 43887B961D366CD00041ABF8 /* LaunchScreen.storyboard */; };
		43887BA21D366E380041ABF8 /* LXMRulerView.m in Sources */ = {isa = PBXBuildFile; fileRef = 43887BA11D366E380041ABF8 /* LXMRulerView.m */; };
/* End PBXBuildFile section */

/* Begin PBXFileReference section */
		43429F961D410B7900CE78F5 /* TextXibViewController.h */ = {isa = PBXFileReference; fileEncoding = 4; lastKnownFileType = sourcecode.c.h; path = TextXibViewController.h; sourceTree = "<group>"; };
		43429F971D410B7900CE78F5 /* TextXibViewController.m */ = {isa = PBXFileReference; fileEncoding = 4; lastKnownFileType = sourcecode.c.objc; path = TextXibViewController.m; sourceTree = "<group>"; };
		43887B851D366CD00041ABF8 /* LXMRulerViewDemo.app */ = {isa = PBXFileReference; explicitFileType = wrapper.application; includeInIndex = 0; path = LXMRulerViewDemo.app; sourceTree = BUILT_PRODUCTS_DIR; };
		43887B891D366CD00041ABF8 /* main.m */ = {isa = PBXFileReference; lastKnownFileType = sourcecode.c.objc; path = main.m; sourceTree = "<group>"; };
		43887B8B1D366CD00041ABF8 /* AppDelegate.h */ = {isa = PBXFileReference; lastKnownFileType = sourcecode.c.h; path = AppDelegate.h; sourceTree = "<group>"; };
		43887B8C1D366CD00041ABF8 /* AppDelegate.m */ = {isa = PBXFileReference; lastKnownFileType = sourcecode.c.objc; path = AppDelegate.m; sourceTree = "<group>"; };
		43887B8E1D366CD00041ABF8 /* ViewController.h */ = {isa = PBXFileReference; lastKnownFileType = sourcecode.c.h; path = ViewController.h; sourceTree = "<group>"; };
		43887B8F1D366CD00041ABF8 /* ViewController.m */ = {isa = PBXFileReference; lastKnownFileType = sourcecode.c.objc; path = ViewController.m; sourceTree = "<group>"; };
		43887B921D366CD00041ABF8 /* Base */ = {isa = PBXFileReference; lastKnownFileType = file.storyboard; name = Base; path = Base.lproj/Main.storyboard; sourceTree = "<group>"; };
		43887B941D366CD00041ABF8 /* Assets.xcassets */ = {isa = PBXFileReference; lastKnownFileType = folder.assetcatalog; path = Assets.xcassets; sourceTree = "<group>"; };
		43887B971D366CD00041ABF8 /* Base */ = {isa = PBXFileReference; lastKnownFileType = file.storyboard; name = Base; path = Base.lproj/LaunchScreen.storyboard; sourceTree = "<group>"; };
		43887B991D366CD00041ABF8 /* Info.plist */ = {isa = PBXFileReference; lastKnownFileType = text.plist.xml; path = Info.plist; sourceTree = "<group>"; };
		43887BA01D366E380041ABF8 /* LXMRulerView.h */ = {isa = PBXFileReference; fileEncoding = 4; lastKnownFileType = sourcecode.c.h; path = LXMRulerView.h; sourceTree = "<group>"; };
		43887BA11D366E380041ABF8 /* LXMRulerView.m */ = {isa = PBXFileReference; fileEncoding = 4; lastKnownFileType = sourcecode.c.objc; path = LXMRulerView.m; sourceTree = "<group>"; };
/* End PBXFileReference section */

/* Begin PBXFrameworksBuildPhase section */
		43887B821D366CD00041ABF8 /* Frameworks */ = {
			isa = PBXFrameworksBuildPhase;
			buildActionMask = 2147483647;
			files = (
			);
			runOnlyForDeploymentPostprocessing = 0;
		};
/* End PBXFrameworksBuildPhase section */

/* Begin PBXGroup section */
		43887B7C1D366CD00041ABF8 = {
			isa = PBXGroup;
			children = (
				43887B871D366CD00041ABF8 /* LXMRulerViewDemo */,
				43887B861D366CD00041ABF8 /* Products */,
			);
			sourceTree = "<group>";
		};
		43887B861D366CD00041ABF8 /* Products */ = {
			isa = PBXGroup;
			children = (
				43887B851D366CD00041ABF8 /* LXMRulerViewDemo.app */,
			);
			name = Products;
			sourceTree = "<group>";
		};
		43887B871D366CD00041ABF8 /* LXMRulerViewDemo */ = {
			isa = PBXGroup;
			children = (
				43887B9F1D366E0B0041ABF8 /* LXMRulerView */,
				43887B8B1D366CD00041ABF8 /* AppDelegate.h */,
				43887B8C1D366CD00041ABF8 /* AppDelegate.m */,
				43887B8E1D366CD00041ABF8 /* ViewController.h */,
				43887B8F1D366CD00041ABF8 /* ViewController.m */,
				43429F961D410B7900CE78F5 /* TextXibViewController.h */,
				43429F971D410B7900CE78F5 /* TextXibViewController.m */,
				43887B911D366CD00041ABF8 /* Main.storyboard */,
				43887B941D366CD00041ABF8 /* Assets.xcassets */,
				43887B961D366CD00041ABF8 /* LaunchScreen.storyboard */,
				43887B991D366CD00041ABF8 /* Info.plist */,
				43887B881D366CD00041ABF8 /* Supporting Files */,
			);
			path = LXMRulerViewDemo;
			sourceTree = "<group>";
		};
		43887B881D366CD00041ABF8 /* Supporting Files */ = {
			isa = PBXGroup;
			children = (
				43887B891D366CD00041ABF8 /* main.m */,
			);
			name = "Supporting Files";
			sourceTree = "<group>";
		};
		43887B9F1D366E0B0041ABF8 /* LXMRulerView */ = {
			isa = PBXGroup;
			children = (
				43887BA01D366E380041ABF8 /* LXMRulerView.h */,
				43887BA11D366E380041ABF8 /* LXMRulerView.m */,
			);
			path = LXMRulerView;
			sourceTree = "<group>";
		};
/* End PBXGroup section */

/* Begin PBXNativeTarget section */
		43887B841D366CD00041ABF8 /* LXMRulerViewDemo */ = {
			isa = PBXNativeTarget;
			buildConfigurationList = 43887B9C1D366CD00041ABF8 /* Build configuration list for PBXNativeTarget "LXMRulerViewDemo" */;
			buildPhases = (
				43887B811D366CD00041ABF8 /* Sources */,
				43887B821D366CD00041ABF8 /* Frameworks */,
				43887B831D366CD00041ABF8 /* Resources */,
			);
			buildRules = (
			);
			dependencies = (
			);
			name = LXMRulerViewDemo;
			productName = LXMRulerViewDemo;
			productReference = 43887B851D366CD00041ABF8 /* LXMRulerViewDemo.app */;
			productType = "com.apple.product-type.application";
		};
/* End PBXNativeTarget section */

/* Begin PBXProject section */
		43887B7D1D366CD00041ABF8 /* Project object */ = {
			isa = PBXProject;
			attributes = {
				LastUpgradeCheck = 0730;
				ORGANIZATIONNAME = luxiaoming;
				TargetAttributes = {
					43887B841D366CD00041ABF8 = {
						CreatedOnToolsVersion = 7.3.1;
					};
				};
			};
			buildConfigurationList = 43887B801D366CD00041ABF8 /* Build configuration list for PBXProject "LXMRulerViewDemo" */;
			compatibilityVersion = "Xcode 3.2";
			developmentRegion = English;
			hasScannedForEncodings = 0;
			knownRegions = (
				en,
				Base,
			);
			mainGroup = 43887B7C1D366CD00041ABF8;
			productRefGroup = 43887B861D366CD00041ABF8 /* Products */;
			projectDirPath = "";
			projectRoot = "";
			targets = (
				43887B841D366CD00041ABF8 /* LXMRulerViewDemo */,
			);
		};
/* End PBXProject section */

/* Begin PBXResourcesBuildPhase section */
		43887B831D366CD00041ABF8 /* Resources */ = {
			isa = PBXResourcesBuildPhase;
			buildActionMask = 2147483647;
			files = (
				43887B981D366CD00041ABF8 /* LaunchScreen.storyboard in Resources */,
				43887B951D366CD00041ABF8 /* Assets.xcassets in Resources */,
				43887B931D366CD00041ABF8 /* Main.storyboard in Resources */,
			);
			runOnlyForDeploymentPostprocessing = 0;
		};
/* End PBXResourcesBuildPhase section */

/* Begin PBXSourcesBuildPhase section */
		43887B811D366CD00041ABF8 /* Sources */ = {
			isa = PBXSourcesBuildPhase;
			buildActionMask = 2147483647;
			files = (
				43887B901D366CD00041ABF8 /* ViewController.m in Sources */,
				43887B8D1D366CD00041ABF8 /* AppDelegate.m in Sources */,
				43429F981D410B7900CE78F5 /* TextXibViewController.m in Sources */,
				43887B8A1D366CD00041ABF8 /* main.m in Sources */,
				43887BA21D366E380041ABF8 /* LXMRulerView.m in Sources */,
			);
			runOnlyForDeploymentPostprocessing = 0;
		};
/* End PBXSourcesBuildPhase section */

/* Begin PBXVariantGroup section */
		43887B911D366CD00041ABF8 /* Main.storyboard */ = {
			isa = PBXVariantGroup;
			children = (
				43887B921D366CD00041ABF8 /* Base */,
			);
			name = Main.storyboard;
			sourceTree = "<group>";
		};
		43887B961D366CD00041ABF8 /* LaunchScreen.storyboard */ = {
			isa = PBXVariantGroup;
			children = (
				43887B971D366CD00041ABF8 /* Base */,
			);
			name = LaunchScreen.storyboard;
			sourceTree = "<group>";
		};
/* End PBXVariantGroup section */

/* Begin XCBuildConfiguration section */
		43887B9A1D366CD00041ABF8 /* Debug */ = {
			isa = XCBuildConfiguration;
			buildSettings = {
				ALWAYS_SEARCH_USER_PATHS = NO;
				CLANG_ANALYZER_NONNULL = YES;
				CLANG_CXX_LANGUAGE_STANDARD = "gnu++0x";
				CLANG_CXX_LIBRARY = "libc++";
				CLANG_ENABLE_MODULES = YES;
				CLANG_ENABLE_OBJC_ARC = YES;
				CLANG_WARN_BOOL_CONVERSION = YES;
				CLANG_WARN_CONSTANT_CONVERSION = YES;
				CLANG_WARN_DIRECT_OBJC_ISA_USAGE = YES_ERROR;
				CLANG_WARN_EMPTY_BODY = YES;
				CLANG_WARN_ENUM_CONVERSION = YES;
				CLANG_WARN_INT_CONVERSION = YES;
				CLANG_WARN_OBJC_ROOT_CLASS = YES_ERROR;
				CLANG_WARN_UNREACHABLE_CODE = YES;
				CLANG_WARN__DUPLICATE_METHOD_MATCH = YES;
				"CODE_SIGN_IDENTITY[sdk=iphoneos*]" = "iPhone Developer";
				COPY_PHASE_STRIP = NO;
				DEBUG_INFORMATION_FORMAT = dwarf;
				ENABLE_STRICT_OBJC_MSGSEND = YES;
				ENABLE_TESTABILITY = YES;
				GCC_C_LANGUAGE_STANDARD = gnu99;
				GCC_DYNAMIC_NO_PIC = NO;
				GCC_NO_COMMON_BLOCKS = YES;
				GCC_OPTIMIZATION_LEVEL = 0;
				GCC_PREPROCESSOR_DEFINITIONS = (
					"DEBUG=1",
					"$(inherited)",
				);
				GCC_WARN_64_TO_32_BIT_CONVERSION = YES;
				GCC_WARN_ABOUT_RETURN_TYPE = YES_ERROR;
				GCC_WARN_UNDECLARED_SELECTOR = YES;
				GCC_WARN_UNINITIALIZED_AUTOS = YES_AGGRESSIVE;
				GCC_WARN_UNUSED_FUNCTION = YES;
				GCC_WARN_UNUSED_VARIABLE = YES;
				IPHONEOS_DEPLOYMENT_TARGET = 9.3;
				MTL_ENABLE_DEBUG_INFO = YES;
				ONLY_ACTIVE_ARCH = YES;
				SDKROOT = iphoneos;
			};
			name = Debug;
		};
		43887B9B1D366CD00041ABF8 /* Release */ = {
			isa = XCBuildConfiguration;
			buildSettings = {
				ALWAYS_SEARCH_USER_PATHS = NO;
				CLANG_ANALYZER_NONNULL = YES;
				CLANG_CXX_LANGUAGE_STANDARD = "gnu++0x";
				CLANG_CXX_LIBRARY = "libc++";
				CLANG_ENABLE_MODULES = YES;
				CLANG_ENABLE_OBJC_ARC = YES;
				CLANG_WARN_BOOL_CONVERSION = YES;
				CLANG_WARN_CONSTANT_CONVERSION = YES;
				CLANG_WARN_DIRECT_OBJC_ISA_USAGE = YES_ERROR;
				CLANG_WARN_EMPTY_BODY = YES;
				CLANG_WARN_ENUM_CONVERSION = YES;
				CLANG_WARN_INT_CONVERSION = YES;
				CLANG_WARN_OBJC_ROOT_CLASS = YES_ERROR;
				CLANG_WARN_UNREACHABLE_CODE = YES;
				CLANG_WARN__DUPLICATE_METHOD_MATCH = YES;
				"CODE_SIGN_IDENTITY[sdk=iphoneos*]" = "iPhone Developer";
				COPY_PHASE_STRIP = NO;
				DEBUG_INFORMATION_FORMAT = "dwarf-with-dsym";
				ENABLE_NS_ASSERTIONS = NO;
				ENABLE_STRICT_OBJC_MSGSEND = YES;
				GCC_C_LANGUAGE_STANDARD = gnu99;
				GCC_NO_COMMON_BLOCKS = YES;
				GCC_WARN_64_TO_32_BIT_CONVERSION = YES;
				GCC_WARN_ABOUT_RETURN_TYPE = YES_ERROR;
				GCC_WARN_UNDECLARED_SELECTOR = YES;
				GCC_WARN_UNINITIALIZED_AUTOS = YES_AGGRESSIVE;
				GCC_WARN_UNUSED_FUNCTION = YES;
				GCC_WARN_UNUSED_VARIABLE = YES;
				IPHONEOS_DEPLOYMENT_TARGET = 9.3;
				MTL_ENABLE_DEBUG_INFO = NO;
				SDKROOT = iphoneos;
				VALIDATE_PRODUCT = YES;
			};
			name = Release;
		};
		43887B9D1D366CD00041ABF8 /* Debug */ = {
			isa = XCBuildConfiguration;
			buildSettings = {
				ASSETCATALOG_COMPILER_APPICON_NAME = AppIcon;
				INFOPLIST_FILE = LXMRulerViewDemo/Info.plist;
				IPHONEOS_DEPLOYMENT_TARGET = 8.0;
				LD_RUNPATH_SEARCH_PATHS = "$(inherited) @executable_path/Frameworks";
				PRODUCT_BUNDLE_IDENTIFIER = com.ouj.LXMRulerViewDemo;
				PRODUCT_NAME = "$(TARGET_NAME)";
			};
			name = Debug;
		};
		43887B9E1D366CD00041ABF8 /* Release */ = {
			isa = XCBuildConfiguration;
			buildSettings = {
				ASSETCATALOG_COMPILER_APPICON_NAME = AppIcon;
				INFOPLIST_FILE = LXMRulerViewDemo/Info.plist;
				IPHONEOS_DEPLOYMENT_TARGET = 8.0;
				LD_RUNPATH_SEARCH_PATHS = "$(inherited) @executable_path/Frameworks";
				PRODUCT_BUNDLE_IDENTIFIER = com.ouj.LXMRulerViewDemo;
				PRODUCT_NAME = "$(TARGET_NAME)";
			};
			name = Release;
		};
/* End XCBuildConfiguration section */

/* Begin XCConfigurationList section */
		43887B801D366CD00041ABF8 /* Build configuration list for PBXProject "LXMRulerViewDemo" */ = {
			isa = XCConfigurationList;
			buildConfigurations = (
				43887B9A1D366CD00041ABF8 /* Debug */,
				43887B9B1D366CD00041ABF8 /* Release */,
			);
			defaultConfigurationIsVisible = 0;
			defaultConfigurationName = Release;
		};
		43887B9C1D366CD00041ABF8 /* Build configuration list for PBXNativeTarget "LXMRulerViewDemo" */ = {
			isa = XCConfigurationList;
			buildConfigurations = (
				43887B9D1D366CD00041ABF8 /* Debug */,
				43887B9E1D366CD00041ABF8 /* Release */,
			);
			defaultConfigurationIsVisible = 0;
			defaultConfigurationName = Release;
		};
/* End XCConfigurationList section */
	};
	rootObject = 43887B7D1D366CD00041ABF8 /* Project object */;
}
